
Microsoft Visual Studio Solution File, Format Version 12.00
# Visual Studio Version 16
VisualStudioVersion = 16.0.30225.117
MinimumVisualStudioVersion = 10.0.40219.1
Project("{9092AA53-FB77-4645-B42D-1CCCA6BD08BD}") = "Counter", "Counter\Counter.njsproj", "{F4578B92-5539-45B3-8952-D88B3F5931C5}"
EndProject
Global
	GlobalSection(SolutionConfigurationPlatforms) = preSolution
		Debug|Any CPU = Debug|Any CPU
		Release|Any CPU = Release|Any CPU
	EndGlobalSection
	GlobalSection(ProjectConfigurationPlatforms) = postSolution
		{F4578B92-5539-45B3-8952-D88B3F5931C5}.Debug|Any CPU.ActiveCfg = Debug|Any CPU
		{F4578B92-5539-45B3-8952-D88B3F5931C5}.Debug|Any CPU.Build.0 = Debug|Any CPU
		{F4578B92-5539-45B3-8952-D88B3F5931C5}.Release|Any CPU.ActiveCfg = Release|Any CPU
		{F4578B92-5539-45B3-8952-D88B3F5931C5}.Release|Any CPU.Build.0 = Release|Any CPU
	EndGlobalSection
	GlobalSection(SolutionProperties) = preSolution
		HideSolutionNode = FALSE
	EndGlobalSection
	GlobalSection(ExtensibilityGlobals) = postSolution
		SolutionGuid = {901D9047-9760-4CDA-94E4-E5692928554E}
	EndGlobalSection
EndGlobal
